
Microsoft Visual Studio Solution File, Format Version 12.00
# Visual Studio Version 16
VisualStudioVersion = 16.0.30907.101
MinimumVisualStudioVersion = 10.0.40219.1
Project("{9A19103F-16F7-4668-BE54-9A1E7A4F7556}") = "mentee", "..\domains\mentee\mentee.csproj", "{BD8AFB5A-AFF2-49BB-A374-D04C3A2A1015}"
EndProject
Project("{9A19103F-16F7-4668-BE54-9A1E7A4F7556}") = "mentor", "..\domains\mentor\mentor.csproj", "{6834B91C-C64C-4DBF-8C79-64CCEA6C9A35}"
EndProject
Project("{9A19103F-16F7-4668-BE54-9A1E7A4F7556}") = "mentoring-session", "..\domains\mentoring-session\mentoring-session.csproj", "{71807E52-1AC2-41F1-A3B4-C093D364649F}"
EndProject
Project("{9A19103F-16F7-4668-BE54-9A1E7A4F7556}") = "shared", "..\shared\shared.csproj", "{F1484AE9-B282-4373-832B-58B86503E836}"
EndProject
Global
	GlobalSection(SolutionConfigurationPlatforms) = preSolution
		Debug|Any CPU = Debug|Any CPU
		Release|Any CPU = Release|Any CPU
	EndGlobalSection
	GlobalSection(ProjectConfigurationPlatforms) = postSolution
		{BD8AFB5A-AFF2-49BB-A374-D04C3A2A1015}.Debug|Any CPU.ActiveCfg = Debug|Any CPU
		{BD8AFB5A-AFF2-49BB-A374-D04C3A2A1015}.Debug|Any CPU.Build.0 = Debug|Any CPU
		{BD8AFB5A-AFF2-49BB-A374-D04C3A2A1015}.Release|Any CPU.ActiveCfg = Release|Any CPU
		{BD8AFB5A-AFF2-49BB-A374-D04C3A2A1015}.Release|Any CPU.Build.0 = Release|Any CPU
		{6834B91C-C64C-4DBF-8C79-64CCEA6C9A35}.Debug|Any CPU.ActiveCfg = Debug|Any CPU
		{6834B91C-C64C-4DBF-8C79-64CCEA6C9A35}.Debug|Any CPU.Build.0 = Debug|Any CPU
		{6834B91C-C64C-4DBF-8C79-64CCEA6C9A35}.Release|Any CPU.ActiveCfg = Release|Any CPU
		{6834B91C-C64C-4DBF-8C79-64CCEA6C9A35}.Release|Any CPU.Build.0 = Release|Any CPU
		{71807E52-1AC2-41F1-A3B4-C093D364649F}.Debug|Any CPU.ActiveCfg = Debug|Any CPU
		{71807E52-1AC2-41F1-A3B4-C093D364649F}.Debug|Any CPU.Build.0 = Debug|Any CPU
		{71807E52-1AC2-41F1-A3B4-C093D364649F}.Release|Any CPU.ActiveCfg = Release|Any CPU
		{71807E52-1AC2-41F1-A3B4-C093D364649F}.Release|Any CPU.Build.0 = Release|Any CPU
		{F1484AE9-B282-4373-832B-58B86503E836}.Debug|Any CPU.ActiveCfg = Debug|Any CPU
		{F1484AE9-B282-4373-832B-58B86503E836}.Debug|Any CPU.Build.0 = Debug|Any CPU
		{F1484AE9-B282-4373-832B-58B86503E836}.Release|Any CPU.ActiveCfg = Release|Any CPU
		{F1484AE9-B282-4373-832B-58B86503E836}.Release|Any CPU.Build.0 = Release|Any CPU
	EndGlobalSection
	GlobalSection(SolutionProperties) = preSolution
		HideSolutionNode = FALSE
	EndGlobalSection
	GlobalSection(ExtensibilityGlobals) = postSolution
		SolutionGuid = {09E1D13A-D9C7-4D40-8EC6-D974A0907B87}
	EndGlobalSection
EndGlobal
